// !$*UTF8*$!
{
	archiveVersion = 1;
	classes = {
	};
	objectVersion = 44;
	objects = {

/* Begin PBXBuildFile section */
		0091D8F90E81B9330029341E /* OpenGL.framework in Frameworks */ = {isa = PBXBuildFile; fileRef = 0091D8F80E81B9330029341E /* OpenGL.framework */; };
		0097E3E50F3E9819005A4392 /* QuickTime.framework in Frameworks */ = {isa = PBXBuildFile; fileRef = 0097E3E40F3E9819005A4392 /* QuickTime.framework */; };
		00B784B30FF439BC000DE1D7 /* Accelerate.framework in Frameworks */ = {isa = PBXBuildFile; fileRef = 00B784AF0FF439BC000DE1D7 /* Accelerate.framework */; };
		00B784B40FF439BC000DE1D7 /* AudioToolbox.framework in Frameworks */ = {isa = PBXBuildFile; fileRef = 00B784B00FF439BC000DE1D7 /* AudioToolbox.framework */; };
		00B784B50FF439BC000DE1D7 /* AudioUnit.framework in Frameworks */ = {isa = PBXBuildFile; fileRef = 00B784B10FF439BC000DE1D7 /* AudioUnit.framework */; };
		00B784B60FF439BC000DE1D7 /* CoreAudio.framework in Frameworks */ = {isa = PBXBuildFile; fileRef = 00B784B20FF439BC000DE1D7 /* CoreAudio.framework */; };
		00BAE65A0E7ED9C10018A608 /* SuperColliderBasicApp.cpp in Sources */ = {isa = PBXBuildFile; fileRef = 00BAE6590E7ED9C10018A608 /* SuperColliderBasicApp.cpp */; };
		00CCAF15116A9FEE008396D5 /* CinderApp.icns in Resources */ = {isa = PBXBuildFile; fileRef = 00CCAF14116A9FEE008396D5 /* CinderApp.icns */; };
		5323E6B20EAFCA74003A9687 /* CoreVideo.framework in Frameworks */ = {isa = PBXBuildFile; fileRef = 5323E6B10EAFCA74003A9687 /* CoreVideo.framework */; };
		5323E6B60EAFCA7E003A9687 /* QTKit.framework in Frameworks */ = {isa = PBXBuildFile; fileRef = 5323E6B50EAFCA7E003A9687 /* QTKit.framework */; };
		53E3CDFC0E86099300238D2B /* Carbon.framework in Frameworks */ = {isa = PBXBuildFile; fileRef = 53E3CDFB0E86099300238D2B /* Carbon.framework */; };
		8D11072F0486CEB800E47090 /* Cocoa.framework in Frameworks */ = {isa = PBXBuildFile; fileRef = 1058C7A1FEA54F0111CA2CBB /* Cocoa.framework */; };
		94F24629138A632300BFF695 /* SCBuffer.cpp in Sources */ = {isa = PBXBuildFile; fileRef = 94F24612138A632300BFF695 /* SCBuffer.cpp */; };
		94F2462A138A632300BFF695 /* SCBus.cpp in Sources */ = {isa = PBXBuildFile; fileRef = 94F24613138A632300BFF695 /* SCBus.cpp */; };
		94F2462B138A632300BFF695 /* SCGroup.cpp in Sources */ = {isa = PBXBuildFile; fileRef = 94F24614138A632300BFF695 /* SCGroup.cpp */; };
		94F2462C138A632300BFF695 /* SCNode.cpp in Sources */ = {isa = PBXBuildFile; fileRef = 94F24615138A632300BFF695 /* SCNode.cpp */; };
		94F2462D138A632300BFF695 /* SCResourceAllocator.cpp in Sources */ = {isa = PBXBuildFile; fileRef = 94F24616138A632300BFF695 /* SCResourceAllocator.cpp */; };
		94F2462E138A632300BFF695 /* SCServer.cpp in Sources */ = {isa = PBXBuildFile; fileRef = 94F24617138A632300BFF695 /* SCServer.cpp */; };
		94F2462F138A632300BFF695 /* SCSynth.cpp in Sources */ = {isa = PBXBuildFile; fileRef = 94F24618138A632300BFF695 /* SCSynth.cpp */; };
		94F246F3138A675A00BFF695 /* osc.a in Frameworks */ = {isa = PBXBuildFile; fileRef = 94F2469E138A675A00BFF695 /* osc.a */; };
		94F24722138A675A00BFF695 /* OscBundle.cpp in Sources */ = {isa = PBXBuildFile; fileRef = 94F246EE138A675A00BFF695 /* OscBundle.cpp */; };
		94F24723138A675A00BFF695 /* OscListener.cpp in Sources */ = {isa = PBXBuildFile; fileRef = 94F246EF138A675A00BFF695 /* OscListener.cpp */; };
		94F24724138A675A00BFF695 /* OscMessage.cpp in Sources */ = {isa = PBXBuildFile; fileRef = 94F246F0138A675A00BFF695 /* OscMessage.cpp */; };
		94F24725138A675A00BFF695 /* OscSender.cpp in Sources */ = {isa = PBXBuildFile; fileRef = 94F246F1138A675A00BFF695 /* OscSender.cpp */; };
/* End PBXBuildFile section */

/* Begin PBXFileReference section */
		0091D8F80E81B9330029341E /* OpenGL.framework */ = {isa = PBXFileReference; lastKnownFileType = wrapper.framework; name = OpenGL.framework; path = /System/Library/Frameworks/OpenGL.framework; sourceTree = "<absolute>"; };
		0097E3E40F3E9819005A4392 /* QuickTime.framework */ = {isa = PBXFileReference; lastKnownFileType = wrapper.framework; name = QuickTime.framework; path = /System/Library/Frameworks/QuickTime.framework; sourceTree = "<absolute>"; };
		00B784AF0FF439BC000DE1D7 /* Accelerate.framework */ = {isa = PBXFileReference; lastKnownFileType = wrapper.framework; name = Accelerate.framework; path = System/Library/Frameworks/Accelerate.framework; sourceTree = SDKROOT; };
		00B784B00FF439BC000DE1D7 /* AudioToolbox.framework */ = {isa = PBXFileReference; lastKnownFileType = wrapper.framework; name = AudioToolbox.framework; path = System/Library/Frameworks/AudioToolbox.framework; sourceTree = SDKROOT; };
		00B784B10FF439BC000DE1D7 /* AudioUnit.framework */ = {isa = PBXFileReference; lastKnownFileType = wrapper.framework; name = AudioUnit.framework; path = System/Library/Frameworks/AudioUnit.framework; sourceTree = SDKROOT; };
		00B784B20FF439BC000DE1D7 /* CoreAudio.framework */ = {isa = PBXFileReference; lastKnownFileType = wrapper.framework; name = CoreAudio.framework; path = System/Library/Frameworks/CoreAudio.framework; sourceTree = SDKROOT; };
		00BAE6590E7ED9C10018A608 /* SuperColliderBasicApp.cpp */ = {isa = PBXFileReference; fileEncoding = 4; lastKnownFileType = sourcecode.cpp.cpp; name = SuperColliderBasicApp.cpp; path = ../src/SuperColliderBasicApp.cpp; sourceTree = SOURCE_ROOT; };
		00CCAF14116A9FEE008396D5 /* CinderApp.icns */ = {isa = PBXFileReference; lastKnownFileType = image.icns; name = CinderApp.icns; path = ../resources/CinderApp.icns; sourceTree = SOURCE_ROOT; };
		1058C7A1FEA54F0111CA2CBB /* Cocoa.framework */ = {isa = PBXFileReference; lastKnownFileType = wrapper.framework; name = Cocoa.framework; path = /System/Library/Frameworks/Cocoa.framework; sourceTree = "<absolute>"; };
		13E42FB307B3F0F600E4EEF1 /* CoreData.framework */ = {isa = PBXFileReference; lastKnownFileType = wrapper.framework; name = CoreData.framework; path = /System/Library/Frameworks/CoreData.framework; sourceTree = "<absolute>"; };
		29B97324FDCFA39411CA2CEA /* AppKit.framework */ = {isa = PBXFileReference; lastKnownFileType = wrapper.framework; name = AppKit.framework; path = /System/Library/Frameworks/AppKit.framework; sourceTree = "<absolute>"; };
		29B97325FDCFA39411CA2CEA /* Foundation.framework */ = {isa = PBXFileReference; lastKnownFileType = wrapper.framework; name = Foundation.framework; path = /System/Library/Frameworks/Foundation.framework; sourceTree = "<absolute>"; };
		32CA4F630368D1EE00C91783 /* SuperColliderBasic_Prefix.pch */ = {isa = PBXFileReference; fileEncoding = 4; lastKnownFileType = sourcecode.c.h; path = SuperColliderBasic_Prefix.pch; sourceTree = "<group>"; };
		5323E6B10EAFCA74003A9687 /* CoreVideo.framework */ = {isa = PBXFileReference; lastKnownFileType = wrapper.framework; name = CoreVideo.framework; path = /System/Library/Frameworks/CoreVideo.framework; sourceTree = "<absolute>"; };
		5323E6B50EAFCA7E003A9687 /* QTKit.framework */ = {isa = PBXFileReference; lastKnownFileType = wrapper.framework; name = QTKit.framework; path = /System/Library/Frameworks/QTKit.framework; sourceTree = "<absolute>"; };
		53E3CDFB0E86099300238D2B /* Carbon.framework */ = {isa = PBXFileReference; lastKnownFileType = wrapper.framework; name = Carbon.framework; path = /System/Library/Frameworks/Carbon.framework; sourceTree = "<absolute>"; };
		8D1107310486CEB800E47090 /* Info.plist */ = {isa = PBXFileReference; fileEncoding = 4; lastKnownFileType = text.plist.xml; path = Info.plist; sourceTree = "<group>"; };
		8D1107320486CEB800E47090 /* SuperColliderBasic.app */ = {isa = PBXFileReference; explicitFileType = wrapper.application; includeInIndex = 0; path = SuperColliderBasic.app; sourceTree = BUILT_PRODUCTS_DIR; };
		94F245EA138A632300BFF695 /* SCBuffer.h */ = {isa = PBXFileReference; fileEncoding = 4; lastKnownFileType = sourcecode.c.h; path = SCBuffer.h; sourceTree = "<group>"; };
		94F245EB138A632300BFF695 /* SCBus.h */ = {isa = PBXFileReference; fileEncoding = 4; lastKnownFileType = sourcecode.c.h; path = SCBus.h; sourceTree = "<group>"; };
		94F245EC138A632300BFF695 /* SCGroup.h */ = {isa = PBXFileReference; fileEncoding = 4; lastKnownFileType = sourcecode.c.h; path = SCGroup.h; sourceTree = "<group>"; };
		94F245ED138A632300BFF695 /* SCNode.h */ = {isa = PBXFileReference; fileEncoding = 4; lastKnownFileType = sourcecode.c.h; path = SCNode.h; sourceTree = "<group>"; };
		94F245EE138A632300BFF695 /* SCResourceAllocator.h */ = {isa = PBXFileReference; fileEncoding = 4; lastKnownFileType = sourcecode.c.h; path = SCResourceAllocator.h; sourceTree = "<group>"; };
		94F245EF138A632300BFF695 /* SCServer.h */ = {isa = PBXFileReference; fileEncoding = 4; lastKnownFileType = sourcecode.c.h; path = SCServer.h; sourceTree = "<group>"; };
		94F245F0138A632300BFF695 /* SCSynth.h */ = {isa = PBXFileReference; fileEncoding = 4; lastKnownFileType = sourcecode.c.h; path = SCSynth.h; sourceTree = "<group>"; };
		94F245F1138A632300BFF695 /* SuperCollider.h */ = {isa = PBXFileReference; fileEncoding = 4; lastKnownFileType = sourcecode.c.h; path = SuperCollider.h; sourceTree = "<group>"; };
		94F24612138A632300BFF695 /* SCBuffer.cpp */ = {isa = PBXFileReference; fileEncoding = 4; lastKnownFileType = sourcecode.cpp.cpp; path = SCBuffer.cpp; sourceTree = "<group>"; };
		94F24613138A632300BFF695 /* SCBus.cpp */ = {isa = PBXFileReference; fileEncoding = 4; lastKnownFileType = sourcecode.cpp.cpp; path = SCBus.cpp; sourceTree = "<group>"; };
		94F24614138A632300BFF695 /* SCGroup.cpp */ = {isa = PBXFileReference; fileEncoding = 4; lastKnownFileType = sourcecode.cpp.cpp; path = SCGroup.cpp; sourceTree = "<group>"; };
		94F24615138A632300BFF695 /* SCNode.cpp */ = {isa = PBXFileReference; fileEncoding = 4; lastKnownFileType = sourcecode.cpp.cpp; path = SCNode.cpp; sourceTree = "<group>"; };
		94F24616138A632300BFF695 /* SCResourceAllocator.cpp */ = {isa = PBXFileReference; fileEncoding = 4; lastKnownFileType = sourcecode.cpp.cpp; path = SCResourceAllocator.cpp; sourceTree = "<group>"; };
		94F24617138A632300BFF695 /* SCServer.cpp */ = {isa = PBXFileReference; fileEncoding = 4; lastKnownFileType = sourcecode.cpp.cpp; path = SCServer.cpp; sourceTree = "<group>"; };
		94F24618138A632300BFF695 /* SCSynth.cpp */ = {isa = PBXFileReference; fileEncoding = 4; lastKnownFileType = sourcecode.cpp.cpp; path = SCSynth.cpp; sourceTree = "<group>"; };
		94F24687138A675A00BFF695 /* IpEndpointName.h */ = {isa = PBXFileReference; fileEncoding = 4; lastKnownFileType = sourcecode.c.h; path = IpEndpointName.h; sourceTree = "<group>"; };
		94F24688138A675A00BFF695 /* NetworkingUtils.h */ = {isa = PBXFileReference; fileEncoding = 4; lastKnownFileType = sourcecode.c.h; path = NetworkingUtils.h; sourceTree = "<group>"; };
		94F24689138A675A00BFF695 /* PacketListener.h */ = {isa = PBXFileReference; fileEncoding = 4; lastKnownFileType = sourcecode.c.h; path = PacketListener.h; sourceTree = "<group>"; };
		94F2468A138A675A00BFF695 /* TimerListener.h */ = {isa = PBXFileReference; fileEncoding = 4; lastKnownFileType = sourcecode.c.h; path = TimerListener.h; sourceTree = "<group>"; };
		94F2468B138A675A00BFF695 /* UdpSocket.h */ = {isa = PBXFileReference; fileEncoding = 4; lastKnownFileType = sourcecode.c.h; path = UdpSocket.h; sourceTree = "<group>"; };
		94F2468D138A675A00BFF695 /* MessageMappingOscPacketListener.h */ = {isa = PBXFileReference; fileEncoding = 4; lastKnownFileType = sourcecode.c.h; path = MessageMappingOscPacketListener.h; sourceTree = "<group>"; };
		94F2468E138A675A00BFF695 /* OscException.h */ = {isa = PBXFileReference; fileEncoding = 4; lastKnownFileType = sourcecode.c.h; path = OscException.h; sourceTree = "<group>"; };
		94F2468F138A675A00BFF695 /* OscHostEndianness.h */ = {isa = PBXFileReference; fileEncoding = 4; lastKnownFileType = sourcecode.c.h; path = OscHostEndianness.h; sourceTree = "<group>"; };
		94F24690138A675A00BFF695 /* OscOutboundPacketStream.h */ = {isa = PBXFileReference; fileEncoding = 4; lastKnownFileType = sourcecode.c.h; path = OscOutboundPacketStream.h; sourceTree = "<group>"; };
		94F24691138A675A00BFF695 /* OscPacketListener.h */ = {isa = PBXFileReference; fileEncoding = 4; lastKnownFileType = sourcecode.c.h; path = OscPacketListener.h; sourceTree = "<group>"; };
		94F24692138A675A00BFF695 /* OscPrintReceivedElements.h */ = {isa = PBXFileReference; fileEncoding = 4; lastKnownFileType = sourcecode.c.h; path = OscPrintReceivedElements.h; sourceTree = "<group>"; };
		94F24693138A675A00BFF695 /* OscReceivedElements.h */ = {isa = PBXFileReference; fileEncoding = 4; lastKnownFileType = sourcecode.c.h; path = OscReceivedElements.h; sourceTree = "<group>"; };
		94F24694138A675A00BFF695 /* OscTypes.h */ = {isa = PBXFileReference; fileEncoding = 4; lastKnownFileType = sourcecode.c.h; path = OscTypes.h; sourceTree = "<group>"; };
		94F24695138A675A00BFF695 /* OscArg.h */ = {isa = PBXFileReference; fileEncoding = 4; lastKnownFileType = sourcecode.c.h; path = OscArg.h; sourceTree = "<group>"; };
		94F24696138A675A00BFF695 /* OscBundle.h */ = {isa = PBXFileReference; fileEncoding = 4; lastKnownFileType = sourcecode.c.h; path = OscBundle.h; sourceTree = "<group>"; };
		94F24697138A675A00BFF695 /* OscListener.h */ = {isa = PBXFileReference; fileEncoding = 4; lastKnownFileType = sourcecode.c.h; path = OscListener.h; sourceTree = "<group>"; };
		94F24698138A675A00BFF695 /* OscMessage.h */ = {isa = PBXFileReference; fileEncoding = 4; lastKnownFileType = sourcecode.c.h; path = OscMessage.h; sourceTree = "<group>"; };
		94F24699138A675A00BFF695 /* OscSender.h */ = {isa = PBXFileReference; fileEncoding = 4; lastKnownFileType = sourcecode.c.h; path = OscSender.h; sourceTree = "<group>"; };
		94F2469E138A675A00BFF695 /* osc.a */ = {isa = PBXFileReference; lastKnownFileType = archive.ar; name = osc.a; path = macosx/osc.a; sourceTree = "<group>"; };
		94F246EE138A675A00BFF695 /* OscBundle.cpp */ = {isa = PBXFileReference; fileEncoding = 4; lastKnownFileType = sourcecode.cpp.cpp; path = OscBundle.cpp; sourceTree = "<group>"; };
		94F246EF138A675A00BFF695 /* OscListener.cpp */ = {isa = PBXFileReference; fileEncoding = 4; lastKnownFileType = sourcecode.cpp.cpp; path = OscListener.cpp; sourceTree = "<group>"; };
		94F246F0138A675A00BFF695 /* OscMessage.cpp */ = {isa = PBXFileReference; fileEncoding = 4; lastKnownFileType = sourcecode.cpp.cpp; path = OscMessage.cpp; sourceTree = "<group>"; };
		94F246F1138A675A00BFF695 /* OscSender.cpp */ = {isa = PBXFileReference; fileEncoding = 4; lastKnownFileType = sourcecode.cpp.cpp; path = OscSender.cpp; sourceTree = "<group>"; };
/* End PBXFileReference section */

/* Begin PBXFrameworksBuildPhase section */
		8D11072E0486CEB800E47090 /* Frameworks */ = {
			isa = PBXFrameworksBuildPhase;
			buildActionMask = 2147483647;
			files = (
				8D11072F0486CEB800E47090 /* Cocoa.framework in Frameworks */,
				0091D8F90E81B9330029341E /* OpenGL.framework in Frameworks */,
				53E3CDFC0E86099300238D2B /* Carbon.framework in Frameworks */,
				5323E6B20EAFCA74003A9687 /* CoreVideo.framework in Frameworks */,
				5323E6B60EAFCA7E003A9687 /* QTKit.framework in Frameworks */,
				0097E3E50F3E9819005A4392 /* QuickTime.framework in Frameworks */,
				00B784B30FF439BC000DE1D7 /* Accelerate.framework in Frameworks */,
				00B784B40FF439BC000DE1D7 /* AudioToolbox.framework in Frameworks */,
				00B784B50FF439BC000DE1D7 /* AudioUnit.framework in Frameworks */,
				00B784B60FF439BC000DE1D7 /* CoreAudio.framework in Frameworks */,
				94F246F3138A675A00BFF695 /* osc.a in Frameworks */,
			);
			runOnlyForDeploymentPostprocessing = 0;
		};
/* End PBXFrameworksBuildPhase section */

/* Begin PBXGroup section */
		080E96DDFE201D6D7F000001 /* Source */ = {
			isa = PBXGroup;
			children = (
				00BAE6590E7ED9C10018A608 /* SuperColliderBasicApp.cpp */,
			);
			name = Source;
			sourceTree = "<group>";
		};
		1058C7A0FEA54F0111CA2CBB /* Linked Frameworks */ = {
			isa = PBXGroup;
			children = (
				00B784AF0FF439BC000DE1D7 /* Accelerate.framework */,
				00B784B00FF439BC000DE1D7 /* AudioToolbox.framework */,
				00B784B10FF439BC000DE1D7 /* AudioUnit.framework */,
				00B784B20FF439BC000DE1D7 /* CoreAudio.framework */,
				0097E3E40F3E9819005A4392 /* QuickTime.framework */,
				5323E6B50EAFCA7E003A9687 /* QTKit.framework */,
				5323E6B10EAFCA74003A9687 /* CoreVideo.framework */,
				53E3CDFB0E86099300238D2B /* Carbon.framework */,
				0091D8F80E81B9330029341E /* OpenGL.framework */,
				1058C7A1FEA54F0111CA2CBB /* Cocoa.framework */,
			);
			name = "Linked Frameworks";
			sourceTree = "<group>";
		};
		1058C7A2FEA54F0111CA2CBB /* Other Frameworks */ = {
			isa = PBXGroup;
			children = (
				29B97324FDCFA39411CA2CEA /* AppKit.framework */,
				13E42FB307B3F0F600E4EEF1 /* CoreData.framework */,
				29B97325FDCFA39411CA2CEA /* Foundation.framework */,
			);
			name = "Other Frameworks";
			sourceTree = "<group>";
		};
		19C28FACFE9D520D11CA2CBB /* Products */ = {
			isa = PBXGroup;
			children = (
				8D1107320486CEB800E47090 /* SuperColliderBasic.app */,
			);
			name = Products;
			sourceTree = "<group>";
		};
		29B97314FDCFA39411CA2CEA /* SuperColliderBasic */ = {
			isa = PBXGroup;
			children = (
				94F24524138A615800BFF695 /* Blocks */,
				29B97315FDCFA39411CA2CEA /* Headers */,
				080E96DDFE201D6D7F000001 /* Source */,
				29B97317FDCFA39411CA2CEA /* Resources */,
				29B97323FDCFA39411CA2CEA /* Frameworks */,
				19C28FACFE9D520D11CA2CBB /* Products */,
			);
			name = SuperColliderBasic;
			sourceTree = "<group>";
		};
		29B97315FDCFA39411CA2CEA /* Headers */ = {
			isa = PBXGroup;
			children = (
				32CA4F630368D1EE00C91783 /* SuperColliderBasic_Prefix.pch */,
			);
			name = Headers;
			sourceTree = "<group>";
		};
		29B97317FDCFA39411CA2CEA /* Resources */ = {
			isa = PBXGroup;
			children = (
				8D1107310486CEB800E47090 /* Info.plist */,
				00CCAF14116A9FEE008396D5 /* CinderApp.icns */,
			);
			name = Resources;
			sourceTree = "<group>";
		};
		29B97323FDCFA39411CA2CEA /* Frameworks */ = {
			isa = PBXGroup;
			children = (
				1058C7A0FEA54F0111CA2CBB /* Linked Frameworks */,
				1058C7A2FEA54F0111CA2CBB /* Other Frameworks */,
			);
			name = Frameworks;
			sourceTree = "<group>";
		};
		94F24524138A615800BFF695 /* Blocks */ = {
			isa = PBXGroup;
			children = (
				94F24684138A675A00BFF695 /* osc */,
				94F245E8138A632300BFF695 /* supercollider */,
			);
			name = Blocks;
			sourceTree = "<group>";
		};
		94F245E8138A632300BFF695 /* supercollider */ = {
			isa = PBXGroup;
			children = (
				94F245E9138A632300BFF695 /* include */,
				94F24611138A632300BFF695 /* src */,
			);
			name = supercollider;
			path = ../../..;
			sourceTree = SOURCE_ROOT;
		};
		94F245E9138A632300BFF695 /* include */ = {
			isa = PBXGroup;
			children = (
				94F245EA138A632300BFF695 /* SCBuffer.h */,
				94F245EB138A632300BFF695 /* SCBus.h */,
				94F245EC138A632300BFF695 /* SCGroup.h */,
				94F245ED138A632300BFF695 /* SCNode.h */,
				94F245EE138A632300BFF695 /* SCResourceAllocator.h */,
				94F245EF138A632300BFF695 /* SCServer.h */,
				94F245F0138A632300BFF695 /* SCSynth.h */,
				94F245F1138A632300BFF695 /* SuperCollider.h */,
			);
			path = include;
			sourceTree = "<group>";
		};
		94F24611138A632300BFF695 /* src */ = {
			isa = PBXGroup;
			children = (
				94F24612138A632300BFF695 /* SCBuffer.cpp */,
				94F24613138A632300BFF695 /* SCBus.cpp */,
				94F24614138A632300BFF695 /* SCGroup.cpp */,
				94F24615138A632300BFF695 /* SCNode.cpp */,
				94F24616138A632300BFF695 /* SCResourceAllocator.cpp */,
				94F24617138A632300BFF695 /* SCServer.cpp */,
				94F24618138A632300BFF695 /* SCSynth.cpp */,
			);
			path = src;
			sourceTree = "<group>";
		};
		94F24684138A675A00BFF695 /* osc */ = {
			isa = PBXGroup;
			children = (
				94F2469A138A675A00BFF695 /* lib */,
				94F24685138A675A00BFF695 /* include */,
				94F246ED138A675A00BFF695 /* src */,
			);
			name = osc;
			path = ../../../../osc;
			sourceTree = SOURCE_ROOT;
		};
		94F24685138A675A00BFF695 /* include */ = {
			isa = PBXGroup;
			children = (
				94F24686138A675A00BFF695 /* ip */,
				94F2468C138A675A00BFF695 /* osc */,
				94F24695138A675A00BFF695 /* OscArg.h */,
				94F24696138A675A00BFF695 /* OscBundle.h */,
				94F24697138A675A00BFF695 /* OscListener.h */,
				94F24698138A675A00BFF695 /* OscMessage.h */,
				94F24699138A675A00BFF695 /* OscSender.h */,
			);
			path = include;
			sourceTree = "<group>";
		};
		94F24686138A675A00BFF695 /* ip */ = {
			isa = PBXGroup;
			children = (
				94F24687138A675A00BFF695 /* IpEndpointName.h */,
				94F24688138A675A00BFF695 /* NetworkingUtils.h */,
				94F24689138A675A00BFF695 /* PacketListener.h */,
				94F2468A138A675A00BFF695 /* TimerListener.h */,
				94F2468B138A675A00BFF695 /* UdpSocket.h */,
			);
			path = ip;
			sourceTree = "<group>";
		};
		94F2468C138A675A00BFF695 /* osc */ = {
			isa = PBXGroup;
			children = (
				94F2468D138A675A00BFF695 /* MessageMappingOscPacketListener.h */,
				94F2468E138A675A00BFF695 /* OscException.h */,
				94F2468F138A675A00BFF695 /* OscHostEndianness.h */,
				94F24690138A675A00BFF695 /* OscOutboundPacketStream.h */,
				94F24691138A675A00BFF695 /* OscPacketListener.h */,
				94F24692138A675A00BFF695 /* OscPrintReceivedElements.h */,
				94F24693138A675A00BFF695 /* OscReceivedElements.h */,
				94F24694138A675A00BFF695 /* OscTypes.h */,
			);
			path = osc;
			sourceTree = "<group>";
		};
		94F2469A138A675A00BFF695 /* lib */ = {
			isa = PBXGroup;
			children = (
				94F2469E138A675A00BFF695 /* osc.a */,
			);
			path = lib;
			sourceTree = "<group>";
		};
		94F246ED138A675A00BFF695 /* src */ = {
			isa = PBXGroup;
			children = (
				94F246EE138A675A00BFF695 /* OscBundle.cpp */,
				94F246EF138A675A00BFF695 /* OscListener.cpp */,
				94F246F0138A675A00BFF695 /* OscMessage.cpp */,
				94F246F1138A675A00BFF695 /* OscSender.cpp */,
			);
			path = src;
			sourceTree = "<group>";
		};
/* End PBXGroup section */

/* Begin PBXNativeTarget section */
		8D1107260486CEB800E47090 /* SuperColliderBasic */ = {
			isa = PBXNativeTarget;
			buildConfigurationList = C01FCF4A08A954540054247B /* Build configuration list for PBXNativeTarget "SuperColliderBasic" */;
			buildPhases = (
				8D1107290486CEB800E47090 /* Resources */,
				8D11072C0486CEB800E47090 /* Sources */,
				8D11072E0486CEB800E47090 /* Frameworks */,
			);
			buildRules = (
			);
			dependencies = (
			);
			name = SuperColliderBasic;
			productInstallPath = "$(HOME)/Applications";
			productName = SuperColliderBasic;
			productReference = 8D1107320486CEB800E47090 /* SuperColliderBasic.app */;
			productType = "com.apple.product-type.application";
		};
/* End PBXNativeTarget section */

/* Begin PBXProject section */
		29B97313FDCFA39411CA2CEA /* Project object */ = {
			isa = PBXProject;
			buildConfigurationList = C01FCF4E08A954540054247B /* Build configuration list for PBXProject "SuperColliderBasic" */;
			compatibilityVersion = "Xcode 3.0";
			developmentRegion = English;
			hasScannedForEncodings = 1;
			knownRegions = (
				English,
				Japanese,
				French,
				German,
			);
			mainGroup = 29B97314FDCFA39411CA2CEA /* SuperColliderBasic */;
			projectDirPath = "";
			projectRoot = "";
			targets = (
				8D1107260486CEB800E47090 /* SuperColliderBasic */,
			);
		};
/* End PBXProject section */

/* Begin PBXResourcesBuildPhase section */
		8D1107290486CEB800E47090 /* Resources */ = {
			isa = PBXResourcesBuildPhase;
			buildActionMask = 2147483647;
			files = (
				00CCAF15116A9FEE008396D5 /* CinderApp.icns in Resources */,
			);
			runOnlyForDeploymentPostprocessing = 0;
		};
/* End PBXResourcesBuildPhase section */

/* Begin PBXSourcesBuildPhase section */
		8D11072C0486CEB800E47090 /* Sources */ = {
			isa = PBXSourcesBuildPhase;
			buildActionMask = 2147483647;
			files = (
				00BAE65A0E7ED9C10018A608 /* SuperColliderBasicApp.cpp in Sources */,
				94F24629138A632300BFF695 /* SCBuffer.cpp in Sources */,
				94F2462A138A632300BFF695 /* SCBus.cpp in Sources */,
				94F2462B138A632300BFF695 /* SCGroup.cpp in Sources */,
				94F2462C138A632300BFF695 /* SCNode.cpp in Sources */,
				94F2462D138A632300BFF695 /* SCResourceAllocator.cpp in Sources */,
				94F2462E138A632300BFF695 /* SCServer.cpp in Sources */,
				94F2462F138A632300BFF695 /* SCSynth.cpp in Sources */,
				94F24722138A675A00BFF695 /* OscBundle.cpp in Sources */,
				94F24723138A675A00BFF695 /* OscListener.cpp in Sources */,
				94F24724138A675A00BFF695 /* OscMessage.cpp in Sources */,
				94F24725138A675A00BFF695 /* OscSender.cpp in Sources */,
			);
			runOnlyForDeploymentPostprocessing = 0;
		};
/* End PBXSourcesBuildPhase section */

/* Begin XCBuildConfiguration section */
		C01FCF4B08A954540054247B /* Debug */ = {
			isa = XCBuildConfiguration;
			buildSettings = {
				COPY_PHASE_STRIP = NO;
				GCC_DYNAMIC_NO_PIC = NO;
				GCC_ENABLE_FIX_AND_CONTINUE = YES;
				GCC_INLINES_ARE_PRIVATE_EXTERN = YES;
				GCC_MODEL_TUNING = G5;
				GCC_OPTIMIZATION_LEVEL = 0;
				GCC_PRECOMPILE_PREFIX_HEADER = YES;
				GCC_PREFIX_HEADER = SuperColliderBasic_Prefix.pch;
				GCC_SYMBOLS_PRIVATE_EXTERN = NO;
				INFOPLIST_FILE = Info.plist;
				INSTALL_PATH = "$(HOME)/Applications";
				LIBRARY_SEARCH_PATHS = (
					"$(inherited)",
					"\"$(SRCROOT)/../../../../osc/lib/iphone\"",
					"\"$(SRCROOT)/../../../../osc/lib/macosx\"",
				);
				OTHER_LDFLAGS = "\"$(CINDER_PATH)/lib/libcinder_d.a\"";
				PRODUCT_NAME = SuperColliderBasic;
				WRAPPER_EXTENSION = app;
			};
			name = Debug;
		};
		C01FCF4C08A954540054247B /* Release */ = {
			isa = XCBuildConfiguration;
			buildSettings = {
				DEAD_CODE_STRIPPING = YES;
				DEBUG_INFORMATION_FORMAT = "dwarf-with-dsym";
				GCC_FAST_MATH = YES;
				GCC_GENERATE_DEBUGGING_SYMBOLS = NO;
				GCC_INLINES_ARE_PRIVATE_EXTERN = YES;
				GCC_MODEL_TUNING = G5;
				GCC_OPTIMIZATION_LEVEL = 3;
				GCC_PRECOMPILE_PREFIX_HEADER = YES;
				GCC_PREFIX_HEADER = SuperColliderBasic_Prefix.pch;
				GCC_SYMBOLS_PRIVATE_EXTERN = NO;
				INFOPLIST_FILE = Info.plist;
				INSTALL_PATH = "$(HOME)/Applications";
				LIBRARY_SEARCH_PATHS = (
					"$(inherited)",
					"\"$(SRCROOT)/../../../../osc/lib/iphone\"",
					"\"$(SRCROOT)/../../../../osc/lib/macosx\"",
				);
				OTHER_LDFLAGS = "\"$(CINDER_PATH)/lib/libcinder.a\"";
				PRODUCT_NAME = SuperColliderBasic;
				STRIP_INSTALLED_PRODUCT = YES;
				WRAPPER_EXTENSION = app;
			};
			name = Release;
		};
		C01FCF4F08A954540054247B /* Debug */ = {
			isa = XCBuildConfiguration;
			buildSettings = {
				ALWAYS_SEARCH_USER_PATHS = NO;
				ARCHS = i386;
				CINDER_PATH = ../../../../..;
				GCC_WARN_ABOUT_RETURN_TYPE = YES;
				GCC_WARN_UNUSED_VARIABLE = YES;
				HEADER_SEARCH_PATHS = "\"$(CINDER_PATH)/boost\"";
				MACOSX_DEPLOYMENT_TARGET = 10.5;
				PREBINDING = NO;
				SDKROOT = "$(DEVELOPER_SDK_DIR)/MacOSX10.6.sdk";
				USER_HEADER_SEARCH_PATHS = "\"$(CINDER_PATH)/include\" ../include \"$(CINDER_PATH)/blocks/osc/include\"/**";
			};
			name = Debug;
		};
		C01FCF5008A954540054247B /* Release */ = {
			isa = XCBuildConfiguration;
			buildSettings = {
				ALWAYS_SEARCH_USER_PATHS = NO;
				ARCHS = i386;
				CINDER_PATH = ../../../../..;
				GCC_WARN_ABOUT_RETURN_TYPE = YES;
				GCC_WARN_UNUSED_VARIABLE = YES;
				HEADER_SEARCH_PATHS = "\"$(CINDER_PATH)/boost\"";
				MACOSX_DEPLOYMENT_TARGET = 10.5;
				PREBINDING = NO;
				SDKROOT = "$(DEVELOPER_SDK_DIR)/MacOSX10.6.sdk";
				USER_HEADER_SEARCH_PATHS = "\"$(CINDER_PATH)/include\" ../include \"$(CINDER_PATH)/blocks/osc/include\"/**";
			};
			name = Release;
		};
/* End XCBuildConfiguration section */

/* Begin XCConfigurationList section */
		C01FCF4A08A954540054247B /* Build configuration list for PBXNativeTarget "SuperColliderBasic" */ = {
			isa = XCConfigurationList;
			buildConfigurations = (
				C01FCF4B08A954540054247B /* Debug */,
				C01FCF4C08A954540054247B /* Release */,
			);
			defaultConfigurationIsVisible = 0;
			defaultConfigurationName = Release;
		};
		C01FCF4E08A954540054247B /* Build configuration list for PBXProject "SuperColliderBasic" */ = {
			isa = XCConfigurationList;
			buildConfigurations = (
				C01FCF4F08A954540054247B /* Debug */,
				C01FCF5008A954540054247B /* Release */,
			);
			defaultConfigurationIsVisible = 0;
			defaultConfigurationName = Release;
		};
/* End XCConfigurationList section */
	};
	rootObject = 29B97313FDCFA39411CA2CEA /* Project object */;
}
